// !$*UTF8*$!
{
	archiveVersion = 1;
	classes = {
	};
	objectVersion = 56;
	objects = {

/* Begin PBXBuildFile section */
		6E1F95CA29E3410000A8464F /* MovieListViewController.swift in Sources */ = {isa = PBXBuildFile; fileRef = 6E1F95C929E3410000A8464F /* MovieListViewController.swift */; };
		6E1F95CC29E3420E00A8464F /* MovieListCell.swift in Sources */ = {isa = PBXBuildFile; fileRef = 6E1F95CB29E3420E00A8464F /* MovieListCell.swift */; };
		6E1F95D129E3FEB700A8464F /* SDWebImage in Frameworks */ = {isa = PBXBuildFile; productRef = 6E1F95D029E3FEB700A8464F /* SDWebImage */; };
		6E1F95D329E4142600A8464F /* MovieCategoriesViewController.swift in Sources */ = {isa = PBXBuildFile; fileRef = 6E1F95D229E4142600A8464F /* MovieCategoriesViewController.swift */; };
		6E1F95D529E4196300A8464F /* MovieCategoryCell.swift in Sources */ = {isa = PBXBuildFile; fileRef = 6E1F95D429E4196300A8464F /* MovieCategoryCell.swift */; };
		6E1F95D729E41FB700A8464F /* MovieCategoryListCell.swift in Sources */ = {isa = PBXBuildFile; fileRef = 6E1F95D629E41FB700A8464F /* MovieCategoryListCell.swift */; };
		6E26665F29D5956100448EBC /* MovieDetailsViewController.swift in Sources */ = {isa = PBXBuildFile; fileRef = 6E26665E29D5956100448EBC /* MovieDetailsViewController.swift */; };
		6E705CB629DD7A5100515045 /* UIImageView+Extensions.swift in Sources */ = {isa = PBXBuildFile; fileRef = 6E705CB529DD7A5100515045 /* UIImageView+Extensions.swift */; };
		6E7C14EC29D328820002D4D9 /* AppDelegate.swift in Sources */ = {isa = PBXBuildFile; fileRef = 6E7C14EB29D328820002D4D9 /* AppDelegate.swift */; };
		6E7C14EE29D328820002D4D9 /* SceneDelegate.swift in Sources */ = {isa = PBXBuildFile; fileRef = 6E7C14ED29D328820002D4D9 /* SceneDelegate.swift */; };
		6E7C14F329D328820002D4D9 /* Main.storyboard in Resources */ = {isa = PBXBuildFile; fileRef = 6E7C14F129D328820002D4D9 /* Main.storyboard */; };
		6E7C14F529D328830002D4D9 /* Assets.xcassets in Resources */ = {isa = PBXBuildFile; fileRef = 6E7C14F429D328830002D4D9 /* Assets.xcassets */; };
		6E7C14F829D328830002D4D9 /* LaunchScreen.storyboard in Resources */ = {isa = PBXBuildFile; fileRef = 6E7C14F629D328830002D4D9 /* LaunchScreen.storyboard */; };
		6E7C150129D3290C0002D4D9 /* PureLayout in Frameworks */ = {isa = PBXBuildFile; productRef = 6E7C150029D3290C0002D4D9 /* PureLayout */; };
		6E7C150429D329530002D4D9 /* MovieAppData in Frameworks */ = {isa = PBXBuildFile; productRef = 6E7C150329D329530002D4D9 /* MovieAppData */; };
		6E7C150629D347E20002D4D9 /* LogInViewController.swift in Sources */ = {isa = PBXBuildFile; fileRef = 6E7C150529D347E20002D4D9 /* LogInViewController.swift */; };
		6E922BCB29D5D68E00EF3A4A /* MyCell.swift in Sources */ = {isa = PBXBuildFile; fileRef = 6E922BCA29D5D68E00EF3A4A /* MyCell.swift */; };
		6E9857172A018094003D71D9 /* ScrollView.swift in Sources */ = {isa = PBXBuildFile; fileRef = 6E9857162A018094003D71D9 /* ScrollView.swift */; };
		6E9959C52A0581BD00BA34AE /* FavoritesViewController.swift in Sources */ = {isa = PBXBuildFile; fileRef = 6E9959C42A0581BD00BA34AE /* FavoritesViewController.swift */; };
		6E9959C92A0585EF00BA34AE /* TabBarControllerView.swift in Sources */ = {isa = PBXBuildFile; fileRef = 6E9959C82A0585EF00BA34AE /* TabBarControllerView.swift */; };
		6E9959CB2A0653A100BA34AE /* AppRouter.swift in Sources */ = {isa = PBXBuildFile; fileRef = 6E9959CA2A0653A100BA34AE /* AppRouter.swift */; };
/* End PBXBuildFile section */

/* Begin PBXFileReference section */
		6E1F95C929E3410000A8464F /* MovieListViewController.swift */ = {isa = PBXFileReference; lastKnownFileType = sourcecode.swift; path = MovieListViewController.swift; sourceTree = "<group>"; };
		6E1F95CB29E3420E00A8464F /* MovieListCell.swift */ = {isa = PBXFileReference; lastKnownFileType = sourcecode.swift; path = MovieListCell.swift; sourceTree = "<group>"; };
		6E1F95D229E4142600A8464F /* MovieCategoriesViewController.swift */ = {isa = PBXFileReference; lastKnownFileType = sourcecode.swift; path = MovieCategoriesViewController.swift; sourceTree = "<group>"; };
		6E1F95D429E4196300A8464F /* MovieCategoryCell.swift */ = {isa = PBXFileReference; lastKnownFileType = sourcecode.swift; path = MovieCategoryCell.swift; sourceTree = "<group>"; };
		6E1F95D629E41FB700A8464F /* MovieCategoryListCell.swift */ = {isa = PBXFileReference; lastKnownFileType = sourcecode.swift; path = MovieCategoryListCell.swift; sourceTree = "<group>"; };
		6E26665E29D5956100448EBC /* MovieDetailsViewController.swift */ = {isa = PBXFileReference; lastKnownFileType = sourcecode.swift; path = MovieDetailsViewController.swift; sourceTree = "<group>"; };
		6E705CB529DD7A5100515045 /* UIImageView+Extensions.swift */ = {isa = PBXFileReference; lastKnownFileType = sourcecode.swift; path = "UIImageView+Extensions.swift"; sourceTree = "<group>"; };
		6E7C14E829D328820002D4D9 /* MovieApp.app */ = {isa = PBXFileReference; explicitFileType = wrapper.application; includeInIndex = 0; path = MovieApp.app; sourceTree = BUILT_PRODUCTS_DIR; };
		6E7C14EB29D328820002D4D9 /* AppDelegate.swift */ = {isa = PBXFileReference; lastKnownFileType = sourcecode.swift; path = AppDelegate.swift; sourceTree = "<group>"; };
		6E7C14ED29D328820002D4D9 /* SceneDelegate.swift */ = {isa = PBXFileReference; lastKnownFileType = sourcecode.swift; path = SceneDelegate.swift; sourceTree = "<group>"; };
		6E7C14F229D328820002D4D9 /* Base */ = {isa = PBXFileReference; lastKnownFileType = file.storyboard; name = Base; path = Base.lproj/Main.storyboard; sourceTree = "<group>"; };
		6E7C14F429D328830002D4D9 /* Assets.xcassets */ = {isa = PBXFileReference; lastKnownFileType = folder.assetcatalog; path = Assets.xcassets; sourceTree = "<group>"; };
		6E7C14F729D328830002D4D9 /* Base */ = {isa = PBXFileReference; lastKnownFileType = file.storyboard; name = Base; path = Base.lproj/LaunchScreen.storyboard; sourceTree = "<group>"; };
		6E7C14F929D328830002D4D9 /* Info.plist */ = {isa = PBXFileReference; lastKnownFileType = text.plist.xml; path = Info.plist; sourceTree = "<group>"; };
		6E7C150529D347E20002D4D9 /* LogInViewController.swift */ = {isa = PBXFileReference; lastKnownFileType = sourcecode.swift; path = LogInViewController.swift; sourceTree = "<group>"; };
		6E922BCA29D5D68E00EF3A4A /* MyCell.swift */ = {isa = PBXFileReference; lastKnownFileType = sourcecode.swift; path = MyCell.swift; sourceTree = "<group>"; };
		6E9857162A018094003D71D9 /* ScrollView.swift */ = {isa = PBXFileReference; lastKnownFileType = sourcecode.swift; path = ScrollView.swift; sourceTree = "<group>"; };
		6E9959C42A0581BD00BA34AE /* FavoritesViewController.swift */ = {isa = PBXFileReference; lastKnownFileType = sourcecode.swift; path = FavoritesViewController.swift; sourceTree = "<group>"; };
		6E9959C82A0585EF00BA34AE /* TabBarControllerView.swift */ = {isa = PBXFileReference; lastKnownFileType = sourcecode.swift; path = TabBarControllerView.swift; sourceTree = "<group>"; };
		6E9959CA2A0653A100BA34AE /* AppRouter.swift */ = {isa = PBXFileReference; lastKnownFileType = sourcecode.swift; path = AppRouter.swift; sourceTree = "<group>"; };
/* End PBXFileReference section */

/* Begin PBXFrameworksBuildPhase section */
		6E7C14E529D328820002D4D9 /* Frameworks */ = {
			isa = PBXFrameworksBuildPhase;
			buildActionMask = 2147483647;
			files = (
				6E1F95D129E3FEB700A8464F /* SDWebImage in Frameworks */,
				6E7C150129D3290C0002D4D9 /* PureLayout in Frameworks */,
				6E7C150429D329530002D4D9 /* MovieAppData in Frameworks */,
			);
			runOnlyForDeploymentPostprocessing = 0;
		};
/* End PBXFrameworksBuildPhase section */

/* Begin PBXGroup section */
		6E7C14DF29D328820002D4D9 = {
			isa = PBXGroup;
			children = (
				6E7C14EA29D328820002D4D9 /* MovieApp */,
				6E7C14E929D328820002D4D9 /* Products */,
			);
			sourceTree = "<group>";
		};
		6E7C14E929D328820002D4D9 /* Products */ = {
			isa = PBXGroup;
			children = (
				6E7C14E829D328820002D4D9 /* MovieApp.app */,
			);
			name = Products;
			sourceTree = "<group>";
		};
		6E7C14EA29D328820002D4D9 /* MovieApp */ = {
			isa = PBXGroup;
			children = (
				6E7C14EB29D328820002D4D9 /* AppDelegate.swift */,
				6E7C150529D347E20002D4D9 /* LogInViewController.swift */,
				6E26665E29D5956100448EBC /* MovieDetailsViewController.swift */,
				6E1F95D229E4142600A8464F /* MovieCategoriesViewController.swift */,
				6E1F95D429E4196300A8464F /* MovieCategoryCell.swift */,
				6E1F95D629E41FB700A8464F /* MovieCategoryListCell.swift */,
				6E1F95C929E3410000A8464F /* MovieListViewController.swift */,
				6E1F95CB29E3420E00A8464F /* MovieListCell.swift */,
				6E922BCA29D5D68E00EF3A4A /* MyCell.swift */,
				6E7C14ED29D328820002D4D9 /* SceneDelegate.swift */,
				6E7C14F129D328820002D4D9 /* Main.storyboard */,
				6E7C14F429D328830002D4D9 /* Assets.xcassets */,
				6E7C14F629D328830002D4D9 /* LaunchScreen.storyboard */,
				6E7C14F929D328830002D4D9 /* Info.plist */,
				6E705CB529DD7A5100515045 /* UIImageView+Extensions.swift */,
				6E9857162A018094003D71D9 /* ScrollView.swift */,
				6E9959C42A0581BD00BA34AE /* FavoritesViewController.swift */,
				6E9959C82A0585EF00BA34AE /* TabBarControllerView.swift */,
				6E9959CA2A0653A100BA34AE /* AppRouter.swift */,
			);
			path = MovieApp;
			sourceTree = "<group>";
		};
/* End PBXGroup section */

/* Begin PBXNativeTarget section */
		6E7C14E729D328820002D4D9 /* MovieApp */ = {
			isa = PBXNativeTarget;
			buildConfigurationList = 6E7C14FC29D328830002D4D9 /* Build configuration list for PBXNativeTarget "MovieApp" */;
			buildPhases = (
				6E7C14E429D328820002D4D9 /* Sources */,
				6E7C14E529D328820002D4D9 /* Frameworks */,
				6E7C14E629D328820002D4D9 /* Resources */,
			);
			buildRules = (
			);
			dependencies = (
			);
			name = MovieApp;
			packageProductDependencies = (
				6E7C150029D3290C0002D4D9 /* PureLayout */,
				6E7C150329D329530002D4D9 /* MovieAppData */,
				6E1F95D029E3FEB700A8464F /* SDWebImage */,
			);
			productName = MovieApp;
			productReference = 6E7C14E829D328820002D4D9 /* MovieApp.app */;
			productType = "com.apple.product-type.application";
		};
/* End PBXNativeTarget section */

/* Begin PBXProject section */
		6E7C14E029D328820002D4D9 /* Project object */ = {
			isa = PBXProject;
			attributes = {
				BuildIndependentTargetsInParallel = 1;
				LastSwiftUpdateCheck = 1420;
				LastUpgradeCheck = 1420;
				TargetAttributes = {
					6E7C14E729D328820002D4D9 = {
						CreatedOnToolsVersion = 14.2;
					};
				};
			};
			buildConfigurationList = 6E7C14E329D328820002D4D9 /* Build configuration list for PBXProject "MovieApp" */;
			compatibilityVersion = "Xcode 14.0";
			developmentRegion = en;
			hasScannedForEncodings = 0;
			knownRegions = (
				en,
				Base,
			);
			mainGroup = 6E7C14DF29D328820002D4D9;
			packageReferences = (
				6E7C14FF29D3290C0002D4D9 /* XCRemoteSwiftPackageReference "PureLayout" */,
				6E7C150229D329530002D4D9 /* XCRemoteSwiftPackageReference "MovieAppData" */,
				6E1F95CF29E3FEB700A8464F /* XCRemoteSwiftPackageReference "SDWebImage" */,
			);
			productRefGroup = 6E7C14E929D328820002D4D9 /* Products */;
			projectDirPath = "";
			projectRoot = "";
			targets = (
				6E7C14E729D328820002D4D9 /* MovieApp */,
			);
		};
/* End PBXProject section */

/* Begin PBXResourcesBuildPhase section */
		6E7C14E629D328820002D4D9 /* Resources */ = {
			isa = PBXResourcesBuildPhase;
			buildActionMask = 2147483647;
			files = (
				6E7C14F829D328830002D4D9 /* LaunchScreen.storyboard in Resources */,
				6E7C14F529D328830002D4D9 /* Assets.xcassets in Resources */,
				6E7C14F329D328820002D4D9 /* Main.storyboard in Resources */,
			);
			runOnlyForDeploymentPostprocessing = 0;
		};
/* End PBXResourcesBuildPhase section */

/* Begin PBXSourcesBuildPhase section */
		6E7C14E429D328820002D4D9 /* Sources */ = {
			isa = PBXSourcesBuildPhase;
			buildActionMask = 2147483647;
			files = (
				6E9959C52A0581BD00BA34AE /* FavoritesViewController.swift in Sources */,
				6E705CB629DD7A5100515045 /* UIImageView+Extensions.swift in Sources */,
				6E26665F29D5956100448EBC /* MovieDetailsViewController.swift in Sources */,
				6E1F95CC29E3420E00A8464F /* MovieListCell.swift in Sources */,
				6E7C150629D347E20002D4D9 /* LogInViewController.swift in Sources */,
				6E1F95D529E4196300A8464F /* MovieCategoryCell.swift in Sources */,
				6E9857172A018094003D71D9 /* ScrollView.swift in Sources */,
				6E922BCB29D5D68E00EF3A4A /* MyCell.swift in Sources */,
				6E1F95CA29E3410000A8464F /* MovieListViewController.swift in Sources */,
				6E9959C92A0585EF00BA34AE /* TabBarControllerView.swift in Sources */,
				6E1F95D729E41FB700A8464F /* MovieCategoryListCell.swift in Sources */,
				6E7C14EC29D328820002D4D9 /* AppDelegate.swift in Sources */,
				6E9959CB2A0653A100BA34AE /* AppRouter.swift in Sources */,
				6E7C14EE29D328820002D4D9 /* SceneDelegate.swift in Sources */,
				6E1F95D329E4142600A8464F /* MovieCategoriesViewController.swift in Sources */,
			);
			runOnlyForDeploymentPostprocessing = 0;
		};
/* End PBXSourcesBuildPhase section */

/* Begin PBXVariantGroup section */
		6E7C14F129D328820002D4D9 /* Main.storyboard */ = {
			isa = PBXVariantGroup;
			children = (
				6E7C14F229D328820002D4D9 /* Base */,
			);
			name = Main.storyboard;
			sourceTree = "<group>";
		};
		6E7C14F629D328830002D4D9 /* LaunchScreen.storyboard */ = {
			isa = PBXVariantGroup;
			children = (
				6E7C14F729D328830002D4D9 /* Base */,
			);
			name = LaunchScreen.storyboard;
			sourceTree = "<group>";
		};
/* End PBXVariantGroup section */

/* Begin XCBuildConfiguration section */
		6E7C14FA29D328830002D4D9 /* Debug */ = {
			isa = XCBuildConfiguration;
			buildSettings = {
				ALWAYS_SEARCH_USER_PATHS = NO;
				CLANG_ANALYZER_NONNULL = YES;
				CLANG_ANALYZER_NUMBER_OBJECT_CONVERSION = YES_AGGRESSIVE;
				CLANG_CXX_LANGUAGE_STANDARD = "gnu++20";
				CLANG_ENABLE_MODULES = YES;
				CLANG_ENABLE_OBJC_ARC = YES;
				CLANG_ENABLE_OBJC_WEAK = YES;
				CLANG_WARN_BLOCK_CAPTURE_AUTORELEASING = YES;
				CLANG_WARN_BOOL_CONVERSION = YES;
				CLANG_WARN_COMMA = YES;
				CLANG_WARN_CONSTANT_CONVERSION = YES;
				CLANG_WARN_DEPRECATED_OBJC_IMPLEMENTATIONS = YES;
				CLANG_WARN_DIRECT_OBJC_ISA_USAGE = YES_ERROR;
				CLANG_WARN_DOCUMENTATION_COMMENTS = YES;
				CLANG_WARN_EMPTY_BODY = YES;
				CLANG_WARN_ENUM_CONVERSION = YES;
				CLANG_WARN_INFINITE_RECURSION = YES;
				CLANG_WARN_INT_CONVERSION = YES;
				CLANG_WARN_NON_LITERAL_NULL_CONVERSION = YES;
				CLANG_WARN_OBJC_IMPLICIT_RETAIN_SELF = YES;
				CLANG_WARN_OBJC_LITERAL_CONVERSION = YES;
				CLANG_WARN_OBJC_ROOT_CLASS = YES_ERROR;
				CLANG_WARN_QUOTED_INCLUDE_IN_FRAMEWORK_HEADER = YES;
				CLANG_WARN_RANGE_LOOP_ANALYSIS = YES;
				CLANG_WARN_STRICT_PROTOTYPES = YES;
				CLANG_WARN_SUSPICIOUS_MOVE = YES;
				CLANG_WARN_UNGUARDED_AVAILABILITY = YES_AGGRESSIVE;
				CLANG_WARN_UNREACHABLE_CODE = YES;
				CLANG_WARN__DUPLICATE_METHOD_MATCH = YES;
				COPY_PHASE_STRIP = NO;
				DEBUG_INFORMATION_FORMAT = dwarf;
				ENABLE_STRICT_OBJC_MSGSEND = YES;
				ENABLE_TESTABILITY = YES;
				GCC_C_LANGUAGE_STANDARD = gnu11;
				GCC_DYNAMIC_NO_PIC = NO;
				GCC_NO_COMMON_BLOCKS = YES;
				GCC_OPTIMIZATION_LEVEL = 0;
				GCC_PREPROCESSOR_DEFINITIONS = (
					"DEBUG=1",
					"$(inherited)",
				);
				GCC_WARN_64_TO_32_BIT_CONVERSION = YES;
				GCC_WARN_ABOUT_RETURN_TYPE = YES_ERROR;
				GCC_WARN_UNDECLARED_SELECTOR = YES;
				GCC_WARN_UNINITIALIZED_AUTOS = YES_AGGRESSIVE;
				GCC_WARN_UNUSED_FUNCTION = YES;
				GCC_WARN_UNUSED_VARIABLE = YES;
				IPHONEOS_DEPLOYMENT_TARGET = 16.2;
				MTL_ENABLE_DEBUG_INFO = INCLUDE_SOURCE;
				MTL_FAST_MATH = YES;
				ONLY_ACTIVE_ARCH = YES;
				SDKROOT = iphoneos;
				SWIFT_ACTIVE_COMPILATION_CONDITIONS = DEBUG;
				SWIFT_OPTIMIZATION_LEVEL = "-Onone";
			};
			name = Debug;
		};
		6E7C14FB29D328830002D4D9 /* Release */ = {
			isa = XCBuildConfiguration;
			buildSettings = {
				ALWAYS_SEARCH_USER_PATHS = NO;
				CLANG_ANALYZER_NONNULL = YES;
				CLANG_ANALYZER_NUMBER_OBJECT_CONVERSION = YES_AGGRESSIVE;
				CLANG_CXX_LANGUAGE_STANDARD = "gnu++20";
				CLANG_ENABLE_MODULES = YES;
				CLANG_ENABLE_OBJC_ARC = YES;
				CLANG_ENABLE_OBJC_WEAK = YES;
				CLANG_WARN_BLOCK_CAPTURE_AUTORELEASING = YES;
				CLANG_WARN_BOOL_CONVERSION = YES;
				CLANG_WARN_COMMA = YES;
				CLANG_WARN_CONSTANT_CONVERSION = YES;
				CLANG_WARN_DEPRECATED_OBJC_IMPLEMENTATIONS = YES;
				CLANG_WARN_DIRECT_OBJC_ISA_USAGE = YES_ERROR;
				CLANG_WARN_DOCUMENTATION_COMMENTS = YES;
				CLANG_WARN_EMPTY_BODY = YES;
				CLANG_WARN_ENUM_CONVERSION = YES;
				CLANG_WARN_INFINITE_RECURSION = YES;
				CLANG_WARN_INT_CONVERSION = YES;
				CLANG_WARN_NON_LITERAL_NULL_CONVERSION = YES;
				CLANG_WARN_OBJC_IMPLICIT_RETAIN_SELF = YES;
				CLANG_WARN_OBJC_LITERAL_CONVERSION = YES;
				CLANG_WARN_OBJC_ROOT_CLASS = YES_ERROR;
				CLANG_WARN_QUOTED_INCLUDE_IN_FRAMEWORK_HEADER = YES;
				CLANG_WARN_RANGE_LOOP_ANALYSIS = YES;
				CLANG_WARN_STRICT_PROTOTYPES = YES;
				CLANG_WARN_SUSPICIOUS_MOVE = YES;
				CLANG_WARN_UNGUARDED_AVAILABILITY = YES_AGGRESSIVE;
				CLANG_WARN_UNREACHABLE_CODE = YES;
				CLANG_WARN__DUPLICATE_METHOD_MATCH = YES;
				COPY_PHASE_STRIP = NO;
				DEBUG_INFORMATION_FORMAT = "dwarf-with-dsym";
				ENABLE_NS_ASSERTIONS = NO;
				ENABLE_STRICT_OBJC_MSGSEND = YES;
				GCC_C_LANGUAGE_STANDARD = gnu11;
				GCC_NO_COMMON_BLOCKS = YES;
				GCC_WARN_64_TO_32_BIT_CONVERSION = YES;
				GCC_WARN_ABOUT_RETURN_TYPE = YES_ERROR;
				GCC_WARN_UNDECLARED_SELECTOR = YES;
				GCC_WARN_UNINITIALIZED_AUTOS = YES_AGGRESSIVE;
				GCC_WARN_UNUSED_FUNCTION = YES;
				GCC_WARN_UNUSED_VARIABLE = YES;
				IPHONEOS_DEPLOYMENT_TARGET = 16.2;
				MTL_ENABLE_DEBUG_INFO = NO;
				MTL_FAST_MATH = YES;
				SDKROOT = iphoneos;
				SWIFT_COMPILATION_MODE = wholemodule;
				SWIFT_OPTIMIZATION_LEVEL = "-O";
				VALIDATE_PRODUCT = YES;
			};
			name = Release;
		};
		6E7C14FD29D328830002D4D9 /* Debug */ = {
			isa = XCBuildConfiguration;
			buildSettings = {
				ASSETCATALOG_COMPILER_APPICON_NAME = AppIcon;
				ASSETCATALOG_COMPILER_GLOBAL_ACCENT_COLOR_NAME = AccentColor;
				CODE_SIGN_STYLE = Automatic;
				CURRENT_PROJECT_VERSION = 1;
				GENERATE_INFOPLIST_FILE = YES;
				INFOPLIST_FILE = MovieApp/Info.plist;
				INFOPLIST_KEY_UIApplicationSupportsIndirectInputEvents = YES;
				INFOPLIST_KEY_UILaunchStoryboardName = LaunchScreen;
				INFOPLIST_KEY_UIMainStoryboardFile = Main;
				INFOPLIST_KEY_UISupportedInterfaceOrientations_iPad = "UIInterfaceOrientationPortrait UIInterfaceOrientationPortraitUpsideDown UIInterfaceOrientationLandscapeLeft UIInterfaceOrientationLandscapeRight";
				INFOPLIST_KEY_UISupportedInterfaceOrientations_iPhone = "UIInterfaceOrientationPortrait UIInterfaceOrientationLandscapeLeft UIInterfaceOrientationLandscapeRight";
				LD_RUNPATH_SEARCH_PATHS = (
					"$(inherited)",
					"@executable_path/Frameworks",
				);
				MARKETING_VERSION = 1.0;
				PRODUCT_BUNDLE_IDENTIFIER = hr.fer.buhinicek.filip.MovieApp;
				PRODUCT_NAME = "$(TARGET_NAME)";
				SWIFT_EMIT_LOC_STRINGS = YES;
				SWIFT_VERSION = 5.0;
				TARGETED_DEVICE_FAMILY = "1,2";
			};
			name = Debug;
		};
		6E7C14FE29D328830002D4D9 /* Release */ = {
			isa = XCBuildConfiguration;
			buildSettings = {
				ASSETCATALOG_COMPILER_APPICON_NAME = AppIcon;
				ASSETCATALOG_COMPILER_GLOBAL_ACCENT_COLOR_NAME = AccentColor;
				CODE_SIGN_STYLE = Automatic;
				CURRENT_PROJECT_VERSION = 1;
				GENERATE_INFOPLIST_FILE = YES;
				INFOPLIST_FILE = MovieApp/Info.plist;
				INFOPLIST_KEY_UIApplicationSupportsIndirectInputEvents = YES;
				INFOPLIST_KEY_UILaunchStoryboardName = LaunchScreen;
				INFOPLIST_KEY_UIMainStoryboardFile = Main;
				INFOPLIST_KEY_UISupportedInterfaceOrientations_iPad = "UIInterfaceOrientationPortrait UIInterfaceOrientationPortraitUpsideDown UIInterfaceOrientationLandscapeLeft UIInterfaceOrientationLandscapeRight";
				INFOPLIST_KEY_UISupportedInterfaceOrientations_iPhone = "UIInterfaceOrientationPortrait UIInterfaceOrientationLandscapeLeft UIInterfaceOrientationLandscapeRight";
				LD_RUNPATH_SEARCH_PATHS = (
					"$(inherited)",
					"@executable_path/Frameworks",
				);
				MARKETING_VERSION = 1.0;
				PRODUCT_BUNDLE_IDENTIFIER = hr.fer.buhinicek.filip.MovieApp;
				PRODUCT_NAME = "$(TARGET_NAME)";
				SWIFT_EMIT_LOC_STRINGS = YES;
				SWIFT_VERSION = 5.0;
				TARGETED_DEVICE_FAMILY = "1,2";
			};
			name = Release;
		};
/* End XCBuildConfiguration section */

/* Begin XCConfigurationList section */
		6E7C14E329D328820002D4D9 /* Build configuration list for PBXProject "MovieApp" */ = {
			isa = XCConfigurationList;
			buildConfigurations = (
				6E7C14FA29D328830002D4D9 /* Debug */,
				6E7C14FB29D328830002D4D9 /* Release */,
			);
			defaultConfigurationIsVisible = 0;
			defaultConfigurationName = Release;
		};
		6E7C14FC29D328830002D4D9 /* Build configuration list for PBXNativeTarget "MovieApp" */ = {
			isa = XCConfigurationList;
			buildConfigurations = (
				6E7C14FD29D328830002D4D9 /* Debug */,
				6E7C14FE29D328830002D4D9 /* Release */,
			);
			defaultConfigurationIsVisible = 0;
			defaultConfigurationName = Release;
		};
/* End XCConfigurationList section */

/* Begin XCRemoteSwiftPackageReference section */
		6E1F95CF29E3FEB700A8464F /* XCRemoteSwiftPackageReference "SDWebImage" */ = {
			isa = XCRemoteSwiftPackageReference;
			repositoryURL = "https://github.com/SDWebImage/SDWebImage.git";
			requirement = {
				kind = upToNextMajorVersion;
				minimumVersion = 5.0.0;
			};
		};
		6E7C14FF29D3290C0002D4D9 /* XCRemoteSwiftPackageReference "PureLayout" */ = {
			isa = XCRemoteSwiftPackageReference;
			repositoryURL = "https://github.com/PureLayout/PureLayout.git";
			requirement = {
				kind = upToNextMajorVersion;
				minimumVersion = 3.0.0;
			};
		};
		6E7C150229D329530002D4D9 /* XCRemoteSwiftPackageReference "MovieAppData" */ = {
			isa = XCRemoteSwiftPackageReference;
			repositoryURL = "https://github.com/fiveagency/MovieAppData";
			requirement = {
				kind = upToNextMajorVersion;
				minimumVersion = 2.1.0;
			};
		};
/* End XCRemoteSwiftPackageReference section */

/* Begin XCSwiftPackageProductDependency section */
		6E1F95D029E3FEB700A8464F /* SDWebImage */ = {
			isa = XCSwiftPackageProductDependency;
			package = 6E1F95CF29E3FEB700A8464F /* XCRemoteSwiftPackageReference "SDWebImage" */;
			productName = SDWebImage;
		};
		6E7C150029D3290C0002D4D9 /* PureLayout */ = {
			isa = XCSwiftPackageProductDependency;
			package = 6E7C14FF29D3290C0002D4D9 /* XCRemoteSwiftPackageReference "PureLayout" */;
			productName = PureLayout;
		};
		6E7C150329D329530002D4D9 /* MovieAppData */ = {
			isa = XCSwiftPackageProductDependency;
			package = 6E7C150229D329530002D4D9 /* XCRemoteSwiftPackageReference "MovieAppData" */;
			productName = MovieAppData;
		};
/* End XCSwiftPackageProductDependency section */
	};
	rootObject = 6E7C14E029D328820002D4D9 /* Project object */;
}
